{
    "doctrine/sql-formatter": {
        "version": "1.1.0"
    },
    "friendsofphp/proxy-manager-lts": {
        "version": "v1.0.2"
    },
    "lcobucci/clock": {
        "version": "2.0.0"
    },
    "lcobucci/jwt": {
        "version": "3.3.2"
    },
    "lexik/jwt-authentication-bundle": {
        "version": "2.5",
        "recipe": {
            "repo": "github.com/symfony/recipes",
            "branch": "master",
            "version": "2.5",
            "ref": "5b2157bcd5778166a5696e42f552ad36529a07a6"
        },
        "files": [
            "config/packages/lexik_jwt_authentication.yaml"
        ]
    },
    "namshi/jose": {
        "version": "7.2.3"
    },
    "php": {
        "version": "7.4"
    },
    "phpstan/phpstan": {
        "version": "0.12.65"
    },
    "squizlabs/php_codesniffer": {
        "version": "3.0",
        "recipe": {
            "repo": "github.com/symfony/recipes-contrib",
            "branch": "master",
            "version": "3.0",
            "ref": "0dc9cceda799fd3a08b96987e176a261028a3709"
        },
        "files": [
            "phpcs.xml.dist"
        ]
    },
    "symfony/amqp-messenger": {
        "version": "v5.2.1"
    },
    "symfony/deprecation-contracts": {
        "version": "v2.1.2"
    },
    "symfony/doctrine-messenger": {
        "version": "v5.2.1"
    },
    "symfony/mercure": {
        "version": "v0.4.1"
    },
    "symfony/mercure-bundle": {
        "version": "0.2",
        "recipe": {
            "repo": "github.com/symfony/recipes",
            "branch": "master",
            "version": "0.2",
            "ref": "a37d3438e4bd4f9f924c516996bc29e25f66b07e"
        },
        "files": [
            "config/packages/mercure.yaml"
        ]
    },
    "symfony/messenger": {
        "version": "4.3",
        "recipe": {
            "repo": "github.com/symfony/recipes",
            "branch": "master",
            "version": "4.3",
            "ref": "e9a414b113ceadbf4e52abe37bf8f1b443f06ccb"
        },
        "files": [
            "config/packages/messenger.yaml"
        ]
    },
    "symfony/mime": {
        "version": "v5.2.1"
    },
    "symfony/polyfill-intl-grapheme": {
        "version": "v1.17.1"
    },
    "symfony/polyfill-intl-normalizer": {
        "version": "v1.17.1"
    },
    "symfony/polyfill-php80": {
        "version": "v1.17.1"
    },
    "symfony/redis-messenger": {
        "version": "v5.2.1"
    },
    "symfony/string": {
        "version": "v5.1.2"
    },
    "symfony/webpack-encore-bundle": {
        "version": "1.6",
        "recipe": {
            "repo": "github.com/symfony/recipes",
            "branch": "master",
            "version": "1.6",
            "ref": "f362ed8e8aa99a8cb216e6bdb2ac833dfb7643dd"
        },
        "files": [
            "assets/app.js",
            "assets/bootstrap.js",
            "assets/controllers.json",
            "assets/controllers/hello_controller.js",
            "assets/styles/app.css",
            "config/packages/assets.yaml",
            "config/packages/prod/webpack_encore.yaml",
            "config/packages/test/webpack_encore.yaml",
            "config/packages/webpack_encore.yaml",
            "package.json",
            "webpack.config.js"
        ]
    }
}
